
Microsoft Visual Studio Solution File, Format Version 12.00
# Visual Studio Version 16
VisualStudioVersion = 16.0.30002.166
MinimumVisualStudioVersion = 10.0.40219.1
Project("{FAE04EC0-301F-11D3-BF4B-00C04F79EFBC}") = "G10-F4-StebanOsorio", "G10-F4-StebanOsorio\G10-F4-StebanOsorio.csproj", "{31848CF4-7F6F-4C33-A78C-5DE3CCFCF47E}"
EndProject
Global
	GlobalSection(SolutionConfigurationPlatforms) = preSolution
		Debug|Any CPU = Debug|Any CPU
		Release|Any CPU = Release|Any CPU
	EndGlobalSection
	GlobalSection(ProjectConfigurationPlatforms) = postSolution
		{31848CF4-7F6F-4C33-A78C-5DE3CCFCF47E}.Debug|Any CPU.ActiveCfg = Debug|Any CPU
		{31848CF4-7F6F-4C33-A78C-5DE3CCFCF47E}.Debug|Any CPU.Build.0 = Debug|Any CPU
		{31848CF4-7F6F-4C33-A78C-5DE3CCFCF47E}.Release|Any CPU.ActiveCfg = Release|Any CPU
		{31848CF4-7F6F-4C33-A78C-5DE3CCFCF47E}.Release|Any CPU.Build.0 = Release|Any CPU
	EndGlobalSection
	GlobalSection(SolutionProperties) = preSolution
		HideSolutionNode = FALSE
	EndGlobalSection
	GlobalSection(ExtensibilityGlobals) = postSolution
		SolutionGuid = {EDA1F1A0-BB9B-4B39-8EDA-96660CA6E54C}
	EndGlobalSection
EndGlobal
